// !$*UTF8*$!
{
	archiveVersion = 1;
	classes = {
	};
	objectVersion = 50;
	objects = {

/* Begin PBXBuildFile section */
		800621612413DE6800AFD68E /* ResponseModelTests.swift in Sources */ = {isa = PBXBuildFile; fileRef = 800621602413DE6800AFD68E /* ResponseModelTests.swift */; };
		800621632413E83500AFD68E /* StarWarsResponseFirstPage.json in Resources */ = {isa = PBXBuildFile; fileRef = 800621622413E83500AFD68E /* StarWarsResponseFirstPage.json */; };
		800621662413E9BE00AFD68E /* MockStarWarsService.swift in Sources */ = {isa = PBXBuildFile; fileRef = 800621652413E9BE00AFD68E /* MockStarWarsService.swift */; };
		800621682413EB6800AFD68E /* StarWarsServiceTests.swift in Sources */ = {isa = PBXBuildFile; fileRef = 800621672413EB6800AFD68E /* StarWarsServiceTests.swift */; };
		8006216B2413EE6B00AFD68E /* StarWarsViewModel.swift in Sources */ = {isa = PBXBuildFile; fileRef = 8006216A2413EE6B00AFD68E /* StarWarsViewModel.swift */; };
		8006216E2413F24700AFD68E /* LoadingCell.swift in Sources */ = {isa = PBXBuildFile; fileRef = 8006216D2413F24700AFD68E /* LoadingCell.swift */; };
		800621712413F6D600AFD68E /* StarWarsListViewController.swift in Sources */ = {isa = PBXBuildFile; fileRef = 800621702413F6D600AFD68E /* StarWarsListViewController.swift */; };
		800621742413FB1A00AFD68E /* AppCoordinator.swift in Sources */ = {isa = PBXBuildFile; fileRef = 800621732413FB1A00AFD68E /* AppCoordinator.swift */; };
		8006217724140F2B00AFD68E /* CharacterListDataSource.swift in Sources */ = {isa = PBXBuildFile; fileRef = 8006217624140F2B00AFD68E /* CharacterListDataSource.swift */; };
		8006217A2414234E00AFD68E /* ViewState.swift in Sources */ = {isa = PBXBuildFile; fileRef = 800621792414234E00AFD68E /* ViewState.swift */; };
		8006217C2414311100AFD68E /* EmptyStateView.swift in Sources */ = {isa = PBXBuildFile; fileRef = 8006217B2414311100AFD68E /* EmptyStateView.swift */; };
		80115123241324520067E40B /* AppDelegate.swift in Sources */ = {isa = PBXBuildFile; fileRef = 80115122241324520067E40B /* AppDelegate.swift */; };
		8011512C241324580067E40B /* Assets.xcassets in Resources */ = {isa = PBXBuildFile; fileRef = 8011512B241324580067E40B /* Assets.xcassets */; };
		8011512F241324580067E40B /* LaunchScreen.storyboard in Resources */ = {isa = PBXBuildFile; fileRef = 8011512D241324580067E40B /* LaunchScreen.storyboard */; };
		801151462413B2AA0067E40B /* StarWarsResponse.swift in Sources */ = {isa = PBXBuildFile; fileRef = 801151452413B2AA0067E40B /* StarWarsResponse.swift */; };
		8011514B2413BAB50067E40B /* Character.json in Resources */ = {isa = PBXBuildFile; fileRef = 8011514A2413BAB50067E40B /* Character.json */; };
		8011514D2413BB120067E40B /* CharacterWithoutName.json in Resources */ = {isa = PBXBuildFile; fileRef = 8011514C2413BB120067E40B /* CharacterWithoutName.json */; };
		801151522413BE270067E40B /* BundleExtension.swift in Sources */ = {isa = PBXBuildFile; fileRef = 801151512413BE270067E40B /* BundleExtension.swift */; };
		801151562413C3AE0067E40B /* StarWarsResponseLastPage.json in Resources */ = {isa = PBXBuildFile; fileRef = 801151552413C3AE0067E40B /* StarWarsResponseLastPage.json */; };
		8011515A2413C52F0067E40B /* StarWarsService.swift in Sources */ = {isa = PBXBuildFile; fileRef = 801151592413C52F0067E40B /* StarWarsService.swift */; };
		8011515D2413D2AA0067E40B /* AppError.swift in Sources */ = {isa = PBXBuildFile; fileRef = 8011515C2413D2AA0067E40B /* AppError.swift */; };
		807569312414882C00CE20A2 /* StarWarsViewModelTests.swift in Sources */ = {isa = PBXBuildFile; fileRef = 807569302414882C00CE20A2 /* StarWarsViewModelTests.swift */; };
		80C5A0922414B0AF00543664 /* UISearchBarExtension.swift in Sources */ = {isa = PBXBuildFile; fileRef = 80C5A0912414B0AF00543664 /* UISearchBarExtension.swift */; };
		80C5A09724155D6D00543664 /* StarWarsNavigationController.swift in Sources */ = {isa = PBXBuildFile; fileRef = 80C5A09624155D6D00543664 /* StarWarsNavigationController.swift */; };
		80FD17FC24149095002F6D7A /* StarWarsEmptyResponse.json in Resources */ = {isa = PBXBuildFile; fileRef = 80FD17FB24149095002F6D7A /* StarWarsEmptyResponse.json */; };
		80FD17FE24149401002F6D7A /* StarWarsSearchBarDelegate.swift in Sources */ = {isa = PBXBuildFile; fileRef = 80FD17FD24149401002F6D7A /* StarWarsSearchBarDelegate.swift */; };
/* End PBXBuildFile section */

/* Begin PBXContainerItemProxy section */
		80115136241324580067E40B /* PBXContainerItemProxy */ = {
			isa = PBXContainerItemProxy;
			containerPortal = 80115117241324520067E40B /* Project object */;
			proxyType = 1;
			remoteGlobalIDString = 8011511E241324520067E40B;
			remoteInfo = StarWarsProject;
		};
/* End PBXContainerItemProxy section */

/* Begin PBXFileReference section */
		800621602413DE6800AFD68E /* ResponseModelTests.swift */ = {isa = PBXFileReference; lastKnownFileType = sourcecode.swift; path = ResponseModelTests.swift; sourceTree = "<group>"; };
		800621622413E83500AFD68E /* StarWarsResponseFirstPage.json */ = {isa = PBXFileReference; fileEncoding = 4; lastKnownFileType = text.json; name = StarWarsResponseFirstPage.json; path = ../../../StarWarsResponseFirstPage.json; sourceTree = "<group>"; };
		800621652413E9BE00AFD68E /* MockStarWarsService.swift */ = {isa = PBXFileReference; lastKnownFileType = sourcecode.swift; path = MockStarWarsService.swift; sourceTree = "<group>"; };
		800621672413EB6800AFD68E /* StarWarsServiceTests.swift */ = {isa = PBXFileReference; lastKnownFileType = sourcecode.swift; path = StarWarsServiceTests.swift; sourceTree = "<group>"; };
		8006216A2413EE6B00AFD68E /* StarWarsViewModel.swift */ = {isa = PBXFileReference; lastKnownFileType = sourcecode.swift; path = StarWarsViewModel.swift; sourceTree = "<group>"; };
		8006216D2413F24700AFD68E /* LoadingCell.swift */ = {isa = PBXFileReference; lastKnownFileType = sourcecode.swift; path = LoadingCell.swift; sourceTree = "<group>"; };
		800621702413F6D600AFD68E /* StarWarsListViewController.swift */ = {isa = PBXFileReference; lastKnownFileType = sourcecode.swift; path = StarWarsListViewController.swift; sourceTree = "<group>"; };
		800621732413FB1A00AFD68E /* AppCoordinator.swift */ = {isa = PBXFileReference; lastKnownFileType = sourcecode.swift; path = AppCoordinator.swift; sourceTree = "<group>"; };
		8006217624140F2B00AFD68E /* CharacterListDataSource.swift */ = {isa = PBXFileReference; lastKnownFileType = sourcecode.swift; path = CharacterListDataSource.swift; sourceTree = "<group>"; };
		800621792414234E00AFD68E /* ViewState.swift */ = {isa = PBXFileReference; lastKnownFileType = sourcecode.swift; path = ViewState.swift; sourceTree = "<group>"; };
		8006217B2414311100AFD68E /* EmptyStateView.swift */ = {isa = PBXFileReference; lastKnownFileType = sourcecode.swift; path = EmptyStateView.swift; sourceTree = "<group>"; };
		8011511F241324520067E40B /* StarWarsProject.app */ = {isa = PBXFileReference; explicitFileType = wrapper.application; includeInIndex = 0; path = StarWarsProject.app; sourceTree = BUILT_PRODUCTS_DIR; };
		80115122241324520067E40B /* AppDelegate.swift */ = {isa = PBXFileReference; lastKnownFileType = sourcecode.swift; path = AppDelegate.swift; sourceTree = "<group>"; };
		8011512B241324580067E40B /* Assets.xcassets */ = {isa = PBXFileReference; lastKnownFileType = folder.assetcatalog; path = Assets.xcassets; sourceTree = "<group>"; };
		8011512E241324580067E40B /* Base */ = {isa = PBXFileReference; lastKnownFileType = file.storyboard; name = Base; path = Base.lproj/LaunchScreen.storyboard; sourceTree = "<group>"; };
		80115130241324580067E40B /* Info.plist */ = {isa = PBXFileReference; lastKnownFileType = text.plist.xml; path = Info.plist; sourceTree = "<group>"; };
		80115135241324580067E40B /* StarWarsProjectTests.xctest */ = {isa = PBXFileReference; explicitFileType = wrapper.cfbundle; includeInIndex = 0; path = StarWarsProjectTests.xctest; sourceTree = BUILT_PRODUCTS_DIR; };
		8011513B241324580067E40B /* Info.plist */ = {isa = PBXFileReference; lastKnownFileType = text.plist.xml; path = Info.plist; sourceTree = "<group>"; };
		801151452413B2AA0067E40B /* StarWarsResponse.swift */ = {isa = PBXFileReference; lastKnownFileType = sourcecode.swift; path = StarWarsResponse.swift; sourceTree = "<group>"; };
		8011514A2413BAB50067E40B /* Character.json */ = {isa = PBXFileReference; fileEncoding = 4; lastKnownFileType = text.json; path = Character.json; sourceTree = "<group>"; };
		8011514C2413BB120067E40B /* CharacterWithoutName.json */ = {isa = PBXFileReference; fileEncoding = 4; lastKnownFileType = text.json; path = CharacterWithoutName.json; sourceTree = "<group>"; };
		801151512413BE270067E40B /* BundleExtension.swift */ = {isa = PBXFileReference; lastKnownFileType = sourcecode.swift; path = BundleExtension.swift; sourceTree = "<group>"; };
		801151552413C3AE0067E40B /* StarWarsResponseLastPage.json */ = {isa = PBXFileReference; fileEncoding = 4; lastKnownFileType = text.json; path = StarWarsResponseLastPage.json; sourceTree = "<group>"; };
		801151592413C52F0067E40B /* StarWarsService.swift */ = {isa = PBXFileReference; lastKnownFileType = sourcecode.swift; path = StarWarsService.swift; sourceTree = "<group>"; };
		8011515C2413D2AA0067E40B /* AppError.swift */ = {isa = PBXFileReference; lastKnownFileType = sourcecode.swift; path = AppError.swift; sourceTree = "<group>"; };
		807569302414882C00CE20A2 /* StarWarsViewModelTests.swift */ = {isa = PBXFileReference; lastKnownFileType = sourcecode.swift; path = StarWarsViewModelTests.swift; sourceTree = "<group>"; };
		80C5A0912414B0AF00543664 /* UISearchBarExtension.swift */ = {isa = PBXFileReference; lastKnownFileType = sourcecode.swift; path = UISearchBarExtension.swift; sourceTree = "<group>"; };
		80C5A09624155D6D00543664 /* StarWarsNavigationController.swift */ = {isa = PBXFileReference; lastKnownFileType = sourcecode.swift; path = StarWarsNavigationController.swift; sourceTree = "<group>"; };
		80FD17FB24149095002F6D7A /* StarWarsEmptyResponse.json */ = {isa = PBXFileReference; fileEncoding = 4; lastKnownFileType = text.json; path = StarWarsEmptyResponse.json; sourceTree = "<group>"; };
		80FD17FD24149401002F6D7A /* StarWarsSearchBarDelegate.swift */ = {isa = PBXFileReference; lastKnownFileType = sourcecode.swift; path = StarWarsSearchBarDelegate.swift; sourceTree = "<group>"; };
/* End PBXFileReference section */

/* Begin PBXFrameworksBuildPhase section */
		8011511C241324520067E40B /* Frameworks */ = {
			isa = PBXFrameworksBuildPhase;
			buildActionMask = 2147483647;
			files = (
			);
			runOnlyForDeploymentPostprocessing = 0;
		};
		80115132241324580067E40B /* Frameworks */ = {
			isa = PBXFrameworksBuildPhase;
			buildActionMask = 2147483647;
			files = (
			);
			runOnlyForDeploymentPostprocessing = 0;
		};
/* End PBXFrameworksBuildPhase section */

/* Begin PBXGroup section */
		800621642413E9AA00AFD68E /* Mocks */ = {
			isa = PBXGroup;
			children = (
				800621652413E9BE00AFD68E /* MockStarWarsService.swift */,
			);
			path = Mocks;
			sourceTree = "<group>";
		};
		800621692413ED8D00AFD68E /* ViewModels */ = {
			isa = PBXGroup;
			children = (
				8006216A2413EE6B00AFD68E /* StarWarsViewModel.swift */,
			);
			path = ViewModels;
			sourceTree = "<group>";
		};
		8006216C2413F0A300AFD68E /* Views */ = {
			isa = PBXGroup;
			children = (
				8006216D2413F24700AFD68E /* LoadingCell.swift */,
				8006217B2414311100AFD68E /* EmptyStateView.swift */,
			);
			path = Views;
			sourceTree = "<group>";
		};
		8006216F2413F4CB00AFD68E /* Controllers */ = {
			isa = PBXGroup;
			children = (
				800621702413F6D600AFD68E /* StarWarsListViewController.swift */,
				8006217624140F2B00AFD68E /* CharacterListDataSource.swift */,
				80FD17FD24149401002F6D7A /* StarWarsSearchBarDelegate.swift */,
				80C5A09624155D6D00543664 /* StarWarsNavigationController.swift */,
			);
			path = Controllers;
			sourceTree = "<group>";
		};
		800621722413FB0200AFD68E /* Coordinator */ = {
			isa = PBXGroup;
			children = (
				800621732413FB1A00AFD68E /* AppCoordinator.swift */,
			);
			path = Coordinator;
			sourceTree = "<group>";
		};
		800621782414231A00AFD68E /* State */ = {
			isa = PBXGroup;
			children = (
				800621792414234E00AFD68E /* ViewState.swift */,
				8011515C2413D2AA0067E40B /* AppError.swift */,
			);
			path = State;
			sourceTree = "<group>";
		};
		80115116241324520067E40B = {
			isa = PBXGroup;
			children = (
				80115121241324520067E40B /* StarWarsProject */,
				80115138241324580067E40B /* StarWarsProjectTests */,
				80115120241324520067E40B /* Products */,
			);
			sourceTree = "<group>";
		};
		80115120241324520067E40B /* Products */ = {
			isa = PBXGroup;
			children = (
				8011511F241324520067E40B /* StarWarsProject.app */,
				80115135241324580067E40B /* StarWarsProjectTests.xctest */,
			);
			name = Products;
			sourceTree = "<group>";
		};
		80115121241324520067E40B /* StarWarsProject */ = {
			isa = PBXGroup;
			children = (
				80C5A0902414B09600543664 /* Extensions */,
				800621782414231A00AFD68E /* State */,
				800621722413FB0200AFD68E /* Coordinator */,
				8006216F2413F4CB00AFD68E /* Controllers */,
				8006216C2413F0A300AFD68E /* Views */,
				800621692413ED8D00AFD68E /* ViewModels */,
				801151572413C4F90067E40B /* Services */,
				801151442413B2940067E40B /* Models */,
				80115122241324520067E40B /* AppDelegate.swift */,
				8011512B241324580067E40B /* Assets.xcassets */,
				8011512D241324580067E40B /* LaunchScreen.storyboard */,
				80115130241324580067E40B /* Info.plist */,
			);
			path = StarWarsProject;
			sourceTree = "<group>";
		};
		80115138241324580067E40B /* StarWarsProjectTests */ = {
			isa = PBXGroup;
			children = (
				800621642413E9AA00AFD68E /* Mocks */,
				8011514E2413BC810067E40B /* Extension */,
				801151492413B9EF0067E40B /* Json */,
				8011513B241324580067E40B /* Info.plist */,
				800621602413DE6800AFD68E /* ResponseModelTests.swift */,
				800621672413EB6800AFD68E /* StarWarsServiceTests.swift */,
				807569302414882C00CE20A2 /* StarWarsViewModelTests.swift */,
			);
			path = StarWarsProjectTests;
			sourceTree = "<group>";
		};
		801151442413B2940067E40B /* Models */ = {
			isa = PBXGroup;
			children = (
				801151452413B2AA0067E40B /* StarWarsResponse.swift */,
			);
			path = Models;
			sourceTree = "<group>";
		};
		801151492413B9EF0067E40B /* Json */ = {
			isa = PBXGroup;
			children = (
				80FD17FB24149095002F6D7A /* StarWarsEmptyResponse.json */,
				800621622413E83500AFD68E /* StarWarsResponseFirstPage.json */,
				801151552413C3AE0067E40B /* StarWarsResponseLastPage.json */,
				8011514C2413BB120067E40B /* CharacterWithoutName.json */,
				8011514A2413BAB50067E40B /* Character.json */,
			);
			path = Json;
			sourceTree = "<group>";
		};
		8011514E2413BC810067E40B /* Extension */ = {
			isa = PBXGroup;
			children = (
				801151512413BE270067E40B /* BundleExtension.swift */,
			);
			path = Extension;
			sourceTree = "<group>";
		};
		801151572413C4F90067E40B /* Services */ = {
			isa = PBXGroup;
			children = (
				801151592413C52F0067E40B /* StarWarsService.swift */,
			);
			path = Services;
			sourceTree = "<group>";
		};
		80C5A0902414B09600543664 /* Extensions */ = {
			isa = PBXGroup;
			children = (
				80C5A0912414B0AF00543664 /* UISearchBarExtension.swift */,
			);
			path = Extensions;
			sourceTree = "<group>";
		};
/* End PBXGroup section */

/* Begin PBXNativeTarget section */
		8011511E241324520067E40B /* StarWarsProject */ = {
			isa = PBXNativeTarget;
			buildConfigurationList = 8011513E241324580067E40B /* Build configuration list for PBXNativeTarget "StarWarsProject" */;
			buildPhases = (
				8011511B241324520067E40B /* Sources */,
				8011511C241324520067E40B /* Frameworks */,
				8011511D241324520067E40B /* Resources */,
			);
			buildRules = (
			);
			dependencies = (
			);
			name = StarWarsProject;
			productName = StarWarsProject;
			productReference = 8011511F241324520067E40B /* StarWarsProject.app */;
			productType = "com.apple.product-type.application";
		};
		80115134241324580067E40B /* StarWarsProjectTests */ = {
			isa = PBXNativeTarget;
			buildConfigurationList = 80115141241324580067E40B /* Build configuration list for PBXNativeTarget "StarWarsProjectTests" */;
			buildPhases = (
				80115131241324580067E40B /* Sources */,
				80115132241324580067E40B /* Frameworks */,
				80115133241324580067E40B /* Resources */,
			);
			buildRules = (
			);
			dependencies = (
				80115137241324580067E40B /* PBXTargetDependency */,
			);
			name = StarWarsProjectTests;
			productName = StarWarsProjectTests;
			productReference = 80115135241324580067E40B /* StarWarsProjectTests.xctest */;
			productType = "com.apple.product-type.bundle.unit-test";
		};
/* End PBXNativeTarget section */

/* Begin PBXProject section */
		80115117241324520067E40B /* Project object */ = {
			isa = PBXProject;
			attributes = {
				LastSwiftUpdateCheck = 1130;
				LastUpgradeCheck = 1130;
				ORGANIZATIONNAME = "Luis  Costa";
				TargetAttributes = {
					8011511E241324520067E40B = {
						CreatedOnToolsVersion = 11.3.1;
					};
					80115134241324580067E40B = {
						CreatedOnToolsVersion = 11.3.1;
						TestTargetID = 8011511E241324520067E40B;
					};
				};
			};
			buildConfigurationList = 8011511A241324520067E40B /* Build configuration list for PBXProject "StarWarsProject" */;
			compatibilityVersion = "Xcode 9.3";
			developmentRegion = en;
			hasScannedForEncodings = 0;
			knownRegions = (
				en,
				Base,
			);
			mainGroup = 80115116241324520067E40B;
			productRefGroup = 80115120241324520067E40B /* Products */;
			projectDirPath = "";
			projectRoot = "";
			targets = (
				8011511E241324520067E40B /* StarWarsProject */,
				80115134241324580067E40B /* StarWarsProjectTests */,
			);
		};
/* End PBXProject section */

/* Begin PBXResourcesBuildPhase section */
		8011511D241324520067E40B /* Resources */ = {
			isa = PBXResourcesBuildPhase;
			buildActionMask = 2147483647;
			files = (
				8011512F241324580067E40B /* LaunchScreen.storyboard in Resources */,
				8011512C241324580067E40B /* Assets.xcassets in Resources */,
			);
			runOnlyForDeploymentPostprocessing = 0;
		};
		80115133241324580067E40B /* Resources */ = {
			isa = PBXResourcesBuildPhase;
			buildActionMask = 2147483647;
			files = (
				8011514B2413BAB50067E40B /* Character.json in Resources */,
				801151562413C3AE0067E40B /* StarWarsResponseLastPage.json in Resources */,
				8011514D2413BB120067E40B /* CharacterWithoutName.json in Resources */,
				80FD17FC24149095002F6D7A /* StarWarsEmptyResponse.json in Resources */,
				800621632413E83500AFD68E /* StarWarsResponseFirstPage.json in Resources */,
			);
			runOnlyForDeploymentPostprocessing = 0;
		};
/* End PBXResourcesBuildPhase section */

/* Begin PBXSourcesBuildPhase section */
		8011511B241324520067E40B /* Sources */ = {
			isa = PBXSourcesBuildPhase;
			buildActionMask = 2147483647;
			files = (
				80C5A0922414B0AF00543664 /* UISearchBarExtension.swift in Sources */,
				8011515A2413C52F0067E40B /* StarWarsService.swift in Sources */,
				8006217724140F2B00AFD68E /* CharacterListDataSource.swift in Sources */,
				8006217A2414234E00AFD68E /* ViewState.swift in Sources */,
				80FD17FE24149401002F6D7A /* StarWarsSearchBarDelegate.swift in Sources */,
				8011515D2413D2AA0067E40B /* AppError.swift in Sources */,
				801151462413B2AA0067E40B /* StarWarsResponse.swift in Sources */,
				800621712413F6D600AFD68E /* StarWarsListViewController.swift in Sources */,
				8006216E2413F24700AFD68E /* LoadingCell.swift in Sources */,
				800621742413FB1A00AFD68E /* AppCoordinator.swift in Sources */,
				80115123241324520067E40B /* AppDelegate.swift in Sources */,
				8006216B2413EE6B00AFD68E /* StarWarsViewModel.swift in Sources */,
				80C5A09724155D6D00543664 /* StarWarsNavigationController.swift in Sources */,
				8006217C2414311100AFD68E /* EmptyStateView.swift in Sources */,
			);
			runOnlyForDeploymentPostprocessing = 0;
		};
		80115131241324580067E40B /* Sources */ = {
			isa = PBXSourcesBuildPhase;
			buildActionMask = 2147483647;
			files = (
				800621682413EB6800AFD68E /* StarWarsServiceTests.swift in Sources */,
				801151522413BE270067E40B /* BundleExtension.swift in Sources */,
				800621662413E9BE00AFD68E /* MockStarWarsService.swift in Sources */,
				800621612413DE6800AFD68E /* ResponseModelTests.swift in Sources */,
				807569312414882C00CE20A2 /* StarWarsViewModelTests.swift in Sources */,
			);
			runOnlyForDeploymentPostprocessing = 0;
		};
/* End PBXSourcesBuildPhase section */

/* Begin PBXTargetDependency section */
		80115137241324580067E40B /* PBXTargetDependency */ = {
			isa = PBXTargetDependency;
			target = 8011511E241324520067E40B /* StarWarsProject */;
			targetProxy = 80115136241324580067E40B /* PBXContainerItemProxy */;
		};
/* End PBXTargetDependency section */

/* Begin PBXVariantGroup section */
		8011512D241324580067E40B /* LaunchScreen.storyboard */ = {
			isa = PBXVariantGroup;
			children = (
				8011512E241324580067E40B /* Base */,
			);
			name = LaunchScreen.storyboard;
			sourceTree = "<group>";
		};
/* End PBXVariantGroup section */

/* Begin XCBuildConfiguration section */
		8011513C241324580067E40B /* Debug */ = {
			isa = XCBuildConfiguration;
			buildSettings = {
				ALWAYS_SEARCH_USER_PATHS = NO;
				CLANG_ANALYZER_NONNULL = YES;
				CLANG_ANALYZER_NUMBER_OBJECT_CONVERSION = YES_AGGRESSIVE;
				CLANG_CXX_LANGUAGE_STANDARD = "gnu++14";
				CLANG_CXX_LIBRARY = "libc++";
				CLANG_ENABLE_MODULES = YES;
				CLANG_ENABLE_OBJC_ARC = YES;
				CLANG_ENABLE_OBJC_WEAK = YES;
				CLANG_WARN_BLOCK_CAPTURE_AUTORELEASING = YES;
				CLANG_WARN_BOOL_CONVERSION = YES;
				CLANG_WARN_COMMA = YES;
				CLANG_WARN_CONSTANT_CONVERSION = YES;
				CLANG_WARN_DEPRECATED_OBJC_IMPLEMENTATIONS = YES;
				CLANG_WARN_DIRECT_OBJC_ISA_USAGE = YES_ERROR;
				CLANG_WARN_DOCUMENTATION_COMMENTS = YES;
				CLANG_WARN_EMPTY_BODY = YES;
				CLANG_WARN_ENUM_CONVERSION = YES;
				CLANG_WARN_INFINITE_RECURSION = YES;
				CLANG_WARN_INT_CONVERSION = YES;
				CLANG_WARN_NON_LITERAL_NULL_CONVERSION = YES;
				CLANG_WARN_OBJC_IMPLICIT_RETAIN_SELF = YES;
				CLANG_WARN_OBJC_LITERAL_CONVERSION = YES;
				CLANG_WARN_OBJC_ROOT_CLASS = YES_ERROR;
				CLANG_WARN_RANGE_LOOP_ANALYSIS = YES;
				CLANG_WARN_STRICT_PROTOTYPES = YES;
				CLANG_WARN_SUSPICIOUS_MOVE = YES;
				CLANG_WARN_UNGUARDED_AVAILABILITY = YES_AGGRESSIVE;
				CLANG_WARN_UNREACHABLE_CODE = YES;
				CLANG_WARN__DUPLICATE_METHOD_MATCH = YES;
				COPY_PHASE_STRIP = NO;
				DEBUG_INFORMATION_FORMAT = dwarf;
				ENABLE_STRICT_OBJC_MSGSEND = YES;
				ENABLE_TESTABILITY = YES;
				GCC_C_LANGUAGE_STANDARD = gnu11;
				GCC_DYNAMIC_NO_PIC = NO;
				GCC_NO_COMMON_BLOCKS = YES;
				GCC_OPTIMIZATION_LEVEL = 0;
				GCC_PREPROCESSOR_DEFINITIONS = (
					"DEBUG=1",
					"$(inherited)",
				);
				GCC_WARN_64_TO_32_BIT_CONVERSION = YES;
				GCC_WARN_ABOUT_RETURN_TYPE = YES_ERROR;
				GCC_WARN_UNDECLARED_SELECTOR = YES;
				GCC_WARN_UNINITIALIZED_AUTOS = YES_AGGRESSIVE;
				GCC_WARN_UNUSED_FUNCTION = YES;
				GCC_WARN_UNUSED_VARIABLE = YES;
				IPHONEOS_DEPLOYMENT_TARGET = 13.2;
				MTL_ENABLE_DEBUG_INFO = INCLUDE_SOURCE;
				MTL_FAST_MATH = YES;
				ONLY_ACTIVE_ARCH = YES;
				SDKROOT = iphoneos;
				SWIFT_ACTIVE_COMPILATION_CONDITIONS = DEBUG;
				SWIFT_OPTIMIZATION_LEVEL = "-Onone";
			};
			name = Debug;
		};
		8011513D241324580067E40B /* Release */ = {
			isa = XCBuildConfiguration;
			buildSettings = {
				ALWAYS_SEARCH_USER_PATHS = NO;
				CLANG_ANALYZER_NONNULL = YES;
				CLANG_ANALYZER_NUMBER_OBJECT_CONVERSION = YES_AGGRESSIVE;
				CLANG_CXX_LANGUAGE_STANDARD = "gnu++14";
				CLANG_CXX_LIBRARY = "libc++";
				CLANG_ENABLE_MODULES = YES;
				CLANG_ENABLE_OBJC_ARC = YES;
				CLANG_ENABLE_OBJC_WEAK = YES;
				CLANG_WARN_BLOCK_CAPTURE_AUTORELEASING = YES;
				CLANG_WARN_BOOL_CONVERSION = YES;
				CLANG_WARN_COMMA = YES;
				CLANG_WARN_CONSTANT_CONVERSION = YES;
				CLANG_WARN_DEPRECATED_OBJC_IMPLEMENTATIONS = YES;
				CLANG_WARN_DIRECT_OBJC_ISA_USAGE = YES_ERROR;
				CLANG_WARN_DOCUMENTATION_COMMENTS = YES;
				CLANG_WARN_EMPTY_BODY = YES;
				CLANG_WARN_ENUM_CONVERSION = YES;
				CLANG_WARN_INFINITE_RECURSION = YES;
				CLANG_WARN_INT_CONVERSION = YES;
				CLANG_WARN_NON_LITERAL_NULL_CONVERSION = YES;
				CLANG_WARN_OBJC_IMPLICIT_RETAIN_SELF = YES;
				CLANG_WARN_OBJC_LITERAL_CONVERSION = YES;
				CLANG_WARN_OBJC_ROOT_CLASS = YES_ERROR;
				CLANG_WARN_RANGE_LOOP_ANALYSIS = YES;
				CLANG_WARN_STRICT_PROTOTYPES = YES;
				CLANG_WARN_SUSPICIOUS_MOVE = YES;
				CLANG_WARN_UNGUARDED_AVAILABILITY = YES_AGGRESSIVE;
				CLANG_WARN_UNREACHABLE_CODE = YES;
				CLANG_WARN__DUPLICATE_METHOD_MATCH = YES;
				COPY_PHASE_STRIP = NO;
				DEBUG_INFORMATION_FORMAT = "dwarf-with-dsym";
				ENABLE_NS_ASSERTIONS = NO;
				ENABLE_STRICT_OBJC_MSGSEND = YES;
				GCC_C_LANGUAGE_STANDARD = gnu11;
				GCC_NO_COMMON_BLOCKS = YES;
				GCC_WARN_64_TO_32_BIT_CONVERSION = YES;
				GCC_WARN_ABOUT_RETURN_TYPE = YES_ERROR;
				GCC_WARN_UNDECLARED_SELECTOR = YES;
				GCC_WARN_UNINITIALIZED_AUTOS = YES_AGGRESSIVE;
				GCC_WARN_UNUSED_FUNCTION = YES;
				GCC_WARN_UNUSED_VARIABLE = YES;
				IPHONEOS_DEPLOYMENT_TARGET = 13.2;
				MTL_ENABLE_DEBUG_INFO = NO;
				MTL_FAST_MATH = YES;
				SDKROOT = iphoneos;
				SWIFT_COMPILATION_MODE = wholemodule;
				SWIFT_OPTIMIZATION_LEVEL = "-O";
				VALIDATE_PRODUCT = YES;
			};
			name = Release;
		};
		8011513F241324580067E40B /* Debug */ = {
			isa = XCBuildConfiguration;
			buildSettings = {
				ASSETCATALOG_COMPILER_APPICON_NAME = AppIcon;
				CODE_SIGN_STYLE = Automatic;
				DEVELOPMENT_TEAM = 423W5F3JD5;
				INFOPLIST_FILE = StarWarsProject/Info.plist;
				LD_RUNPATH_SEARCH_PATHS = (
					"$(inherited)",
					"@executable_path/Frameworks",
				);
				PRODUCT_BUNDLE_IDENTIFIER = com.lmbcosta.StarWarsProject;
				PRODUCT_NAME = "$(TARGET_NAME)";
				SWIFT_VERSION = 5.0;
				TARGETED_DEVICE_FAMILY = "1,2";
			};
			name = Debug;
		};
		80115140241324580067E40B /* Release */ = {
			isa = XCBuildConfiguration;
			buildSettings = {
				ASSETCATALOG_COMPILER_APPICON_NAME = AppIcon;
				CODE_SIGN_STYLE = Automatic;
				DEVELOPMENT_TEAM = 423W5F3JD5;
				INFOPLIST_FILE = StarWarsProject/Info.plist;
				LD_RUNPATH_SEARCH_PATHS = (
					"$(inherited)",
					"@executable_path/Frameworks",
				);
				PRODUCT_BUNDLE_IDENTIFIER = com.lmbcosta.StarWarsProject;
				PRODUCT_NAME = "$(TARGET_NAME)";
				SWIFT_VERSION = 5.0;
				TARGETED_DEVICE_FAMILY = "1,2";
			};
			name = Release;
		};
		80115142241324580067E40B /* Debug */ = {
			isa = XCBuildConfiguration;
			buildSettings = {
				ALWAYS_EMBED_SWIFT_STANDARD_LIBRARIES = YES;
				BUNDLE_LOADER = "$(TEST_HOST)";
				CODE_SIGN_STYLE = Automatic;
				DEVELOPMENT_TEAM = 423W5F3JD5;
				INFOPLIST_FILE = StarWarsProjectTests/Info.plist;
				IPHONEOS_DEPLOYMENT_TARGET = 13.2;
				LD_RUNPATH_SEARCH_PATHS = (
					"$(inherited)",
					"@executable_path/Frameworks",
					"@loader_path/Frameworks",
				);
				PRODUCT_BUNDLE_IDENTIFIER = com.lmbcosta.StarWarsProjectTests;
				PRODUCT_NAME = "$(TARGET_NAME)";
				SWIFT_VERSION = 5.0;
				TARGETED_DEVICE_FAMILY = "1,2";
				TEST_HOST = "$(BUILT_PRODUCTS_DIR)/StarWarsProject.app/StarWarsProject";
			};
			name = Debug;
		};
		80115143241324580067E40B /* Release */ = {
			isa = XCBuildConfiguration;
			buildSettings = {
				ALWAYS_EMBED_SWIFT_STANDARD_LIBRARIES = YES;
				BUNDLE_LOADER = "$(TEST_HOST)";
				CODE_SIGN_STYLE = Automatic;
				DEVELOPMENT_TEAM = 423W5F3JD5;
				INFOPLIST_FILE = StarWarsProjectTests/Info.plist;
				IPHONEOS_DEPLOYMENT_TARGET = 13.2;
				LD_RUNPATH_SEARCH_PATHS = (
					"$(inherited)",
					"@executable_path/Frameworks",
					"@loader_path/Frameworks",
				);
				PRODUCT_BUNDLE_IDENTIFIER = com.lmbcosta.StarWarsProjectTests;
				PRODUCT_NAME = "$(TARGET_NAME)";
				SWIFT_VERSION = 5.0;
				TARGETED_DEVICE_FAMILY = "1,2";
				TEST_HOST = "$(BUILT_PRODUCTS_DIR)/StarWarsProject.app/StarWarsProject";
			};
			name = Release;
		};
/* End XCBuildConfiguration section */

/* Begin XCConfigurationList section */
		8011511A241324520067E40B /* Build configuration list for PBXProject "StarWarsProject" */ = {
			isa = XCConfigurationList;
			buildConfigurations = (
				8011513C241324580067E40B /* Debug */,
				8011513D241324580067E40B /* Release */,
			);
			defaultConfigurationIsVisible = 0;
			defaultConfigurationName = Release;
		};
		8011513E241324580067E40B /* Build configuration list for PBXNativeTarget "StarWarsProject" */ = {
			isa = XCConfigurationList;
			buildConfigurations = (
				8011513F241324580067E40B /* Debug */,
				80115140241324580067E40B /* Release */,
			);
			defaultConfigurationIsVisible = 0;
			defaultConfigurationName = Release;
		};
		80115141241324580067E40B /* Build configuration list for PBXNativeTarget "StarWarsProjectTests" */ = {
			isa = XCConfigurationList;
			buildConfigurations = (
				80115142241324580067E40B /* Debug */,
				80115143241324580067E40B /* Release */,
			);
			defaultConfigurationIsVisible = 0;
			defaultConfigurationName = Release;
		};
/* End XCConfigurationList section */
	};
	rootObject = 80115117241324520067E40B /* Project object */;
}
